{
  "version": 4,
  "terraform_version": "1.6.6",
  "serial": 2,
  "lineage": "e13a55df-8dc1-f952-a052-56544bb761a0",
  "outputs": {
    "aws_eks_cluster_tfer--eks-cluster-demo_id": {
      "value": "eks-cluster-demo",
      "type": "string"
    }
  },
  "resources": [
    {
      "mode": "managed",
      "type": "aws_eks_cluster",
      "name": "tfer--eks-cluster-demo",
      "provider": "provider[\"registry.terraform.io/hashicorp/aws\"]",
      "instances": [
        {
          "schema_version": 0,
          "attributes": {
            "arn": "arn:aws:eks:ap-northeast-1:421156463971:cluster/eks-cluster-demo",
            "certificate_authority": [
              {
                "data": "LS0tLS1CRUdJTiBDRVJUSUZJQ0FURS0tLS0tCk1JSURCVENDQWUyZ0F3SUJBZ0lJZFNMY2Z1bGdQTlV3RFFZSktvWklodmNOQVFFTEJRQXdGVEVUTUJFR0ExVUUKQXhNS2EzVmlaWEp1WlhSbGN6QWVGdzB5TlRBMU1qa3hNakl6TURSYUZ3MHpOVEExTWpjeE1qSTRNRFJhTUJVeApFekFSQmdOVkJBTVRDbXQxWW1WeWJtVjBaWE13Z2dFaU1BMEdDU3FHU0liM0RRRUJBUVVBQTRJQkR3QXdnZ0VLCkFvSUJBUUNiUHV0YVlHTUhSOWVKdThNaVJSTzlGUW81SGJDcVIvWDBTMnVqcjJjU0hERTlwL3hsYzBIclR2NTkKT1ByLzJFbW0xcnVDaGtERjRqenFKSTE5TjZyOTdEc1RheVUvYjNDYTdMdmdqV1A2MzRiRjNESFBIbnV6aUE3OApvL2tkVWYwRnlEZWRMbmNNSnJPb1JvMFRueXVqOGVkbUJNYnVzclZtMVoxS0VGN2pyUGpPaGVoTmpZSWhZOGxpCjZDbXN1NEsvejF4bUJpc09HU3VmTzBGY0FLMy9oWGFNKzFPVnlialhqVkdYR1hYZ0FpQnRzNXB1ZzB3ZmRER08KQjVhRTlSN0g2U2pJNThtSytIanVuM000K3lxZzZ6cHA2YmJWY3FpVCtMUmZLRjhOTUgrV3d1ZnJqVU0xN09nagpLOGN1cGIveFFENGs5cmJBVGpKb3cvS1pKcXhYQWdNQkFBR2pXVEJYTUE0R0ExVWREd0VCL3dRRUF3SUNwREFQCkJnTlZIUk1CQWY4RUJUQURBUUgvTUIwR0ExVWREZ1FXQkJUMldPYWpnUjFURGZvYUg1ZnNSUWRRUmpjYjl6QVYKQmdOVkhSRUVEakFNZ2dwcmRXSmxjbTVsZEdWek1BMEdDU3FHU0liM0RRRUJDd1VBQTRJQkFRQllpWElhRi8xVgpMTHpCQjlHNSt5dVZzektXVUt2WkhFdWF0TTVyWXdySWNYWnBWbytVSmtTd1BlenRINmhxZkpQbVFTVnJURW1TCjJXR2hpN3oxeU1GMExiVFdpS3VPaGxiNmMvNmpTSWE2T1pVUHVtV0hIVnA3Z0ZleDJQNFdyWURaN2orU1lUWUYKWnFlU1hjQ1NObmlrditXNVJqRnk3dCtqQUwydytkdzVZQ3c5Y0xvNjdlNlU0Q0gvOTk1UVllaFBUeWlaVzFuMQpZNER0YlJsVEs5UHRpM3EvY2Uwa2NFZFNCUzM5SUNRNWJ2RG51OHAwME9neFF3VCtBV3IwQzJQVE9sMnRNbHdECmR5WFZyemFDZ09FZjBDTDhIaFIreFVrZ0NwWXMyYjlqeEdwc3ZtWFFQSGlpRGE2ZUg1UGNhb2lHbngrM09QTlEKZU1rbUFrbkVXVEw4Ci0tLS0tRU5EIENFUlRJRklDQVRFLS0tLS0K"
              }
            ],
            "cluster_id": null,
            "created_at": "2025-05-29 12:23:45.294 +0000 UTC",
            "enabled_cluster_log_types": null,
            "encryption_config": [],
            "endpoint": "https://2F8C0258262C0E3B22DF15D62F4A0301.gr7.ap-northeast-1.eks.amazonaws.com",
            "id": "eks-cluster-demo",
            "identity": [
              {
                "oidc": [
                  {
                    "issuer": "https://oidc.eks.ap-northeast-1.amazonaws.com/id/2F8C0258262C0E3B22DF15D62F4A0301"
                  }
                ]
              }
            ],
            "kubernetes_network_config": [
              {
                "ip_family": "ipv4",
                "service_ipv4_cidr": "172.20.0.0/16",
                "service_ipv6_cidr": ""
              }
            ],
            "name": "eks-cluster-demo",
            "outpost_config": [],
            "platform_version": "eks.11",
            "role_arn": "arn:aws:iam::421156463971:role/EKS-ClusterRole-demo",
            "status": "ACTIVE",
            "tags": null,
            "tags_all": {},
            "timeouts": null,
            "version": "1.32",
            "vpc_config": [
              {
                "cluster_security_group_id": "sg-00cc5908599fb95f6",
                "endpoint_private_access": true,
                "endpoint_public_access": true,
                "public_access_cidrs": [
                  "0.0.0.0/0"
                ],
                "security_group_ids": [
                  "sg-0f6e6f1182888337e"
                ],
                "subnet_ids": [
                  "subnet-0437fba6aa7d6fee9",
                  "subnet-07d60709f844e57e3"
                ],
                "vpc_id": "vpc-0f9c1286580033168"
              }
            ]
          },
          "sensitive_attributes": [],
          "private": "eyJlMmJmYjczMC1lY2FhLTExZTYtOGY4OC0zNDM2M2JjN2M0YzAiOnsiY3JlYXRlIjoxODAwMDAwMDAwMDAwLCJkZWxldGUiOjkwMDAwMDAwMDAwMCwidXBkYXRlIjozNjAwMDAwMDAwMDAwfX0="
        }
      ]
    }
  ],
  "check_results": null
}
